
Microsoft Visual Studio Solution File, Format Version 11.00
# Visual C++ Express 2010
Project("{8BC9CEB8-8B4A-11D0-8D11-00A0C91BC942}") = "WakeOnLan", "WakeOnLan\WakeOnLan.vcxproj", "{0872C0C1-F69D-422D-B94B-4AFF5C5D82AD}"
EndProject
Global
	GlobalSection(SolutionConfigurationPlatforms) = preSolution
		Debug|Win32 = Debug|Win32
		Release|Win32 = Release|Win32
	EndGlobalSection
	GlobalSection(ProjectConfigurationPlatforms) = postSolution
		{0872C0C1-F69D-422D-B94B-4AFF5C5D82AD}.Debug|Win32.ActiveCfg = Debug|Win32
		{0872C0C1-F69D-422D-B94B-4AFF5C5D82AD}.Debug|Win32.Build.0 = Debug|Win32
		{0872C0C1-F69D-422D-B94B-4AFF5C5D82AD}.Release|Win32.ActiveCfg = Release|Win32
		{0872C0C1-F69D-422D-B94B-4AFF5C5D82AD}.Release|Win32.Build.0 = Release|Win32
	EndGlobalSection
	GlobalSection(SolutionProperties) = preSolution
		HideSolutionNode = FALSE
	EndGlobalSection
EndGlobal
